
Microsoft Visual Studio Solution File, Format Version 12.00
# Visual Studio Version 16
VisualStudioVersion = 16.0.29613.14
MinimumVisualStudioVersion = 10.0.40219.1
Project("{9A19103F-16F7-4668-BE54-9A1E7A4F7556}") = "Tustler", "Tustler\Tustler.csproj", "{E0F1490F-6B8F-4769-8E94-E4C886B09E8E}"
	ProjectSection(ProjectDependencies) = postProject
		{F13D5BA2-96B9-4EE6-A782-2A878BE547C6} = {F13D5BA2-96B9-4EE6-A782-2A878BE547C6}
	EndProjectSection
EndProject
Project("{9A19103F-16F7-4668-BE54-9A1E7A4F7556}") = "TustlerAWSLib", "TustlerAWSLib\TustlerAWSLib.csproj", "{F13D5BA2-96B9-4EE6-A782-2A878BE547C6}"
EndProject
Project("{2150E333-8FDC-42A3-9474-1A3956D46DE8}") = "Solution Items", "Solution Items", "{F1FB7832-ADF4-4769-918D-1A50C816DE04}"
	ProjectSection(SolutionItems) = preProject
		.editorconfig = .editorconfig
	EndProjectSection
EndProject
Project("{9A19103F-16F7-4668-BE54-9A1E7A4F7556}") = "TustlerWinPlatformLib", "TustlerWinPlatformLib\TustlerWinPlatformLib.csproj", "{BE380044-6A1D-457D-9C11-DD7C1E12FB5C}"
EndProject
Project("{9A19103F-16F7-4668-BE54-9A1E7A4F7556}") = "TustlerServicesLib", "TustlerServicesLib\TustlerServicesLib.csproj", "{C7DE73EA-1955-429D-957A-28CA667D9782}"
EndProject
Project("{FAE04EC0-301F-11D3-BF4B-00C04F79EFBC}") = "TustlerServicesLib.Test", "TustlerServicesLib.Test\TustlerServicesLib.Test.csproj", "{3B3EFCC5-8203-4B5F-B9ED-700C2B21D333}"
EndProject
Global
	GlobalSection(SolutionConfigurationPlatforms) = preSolution
		Debug|Any CPU = Debug|Any CPU
		Release|Any CPU = Release|Any CPU
	EndGlobalSection
	GlobalSection(ProjectConfigurationPlatforms) = postSolution
		{E0F1490F-6B8F-4769-8E94-E4C886B09E8E}.Debug|Any CPU.ActiveCfg = Debug|Any CPU
		{E0F1490F-6B8F-4769-8E94-E4C886B09E8E}.Debug|Any CPU.Build.0 = Debug|Any CPU
		{E0F1490F-6B8F-4769-8E94-E4C886B09E8E}.Release|Any CPU.ActiveCfg = Release|Any CPU
		{E0F1490F-6B8F-4769-8E94-E4C886B09E8E}.Release|Any CPU.Build.0 = Release|Any CPU
		{F13D5BA2-96B9-4EE6-A782-2A878BE547C6}.Debug|Any CPU.ActiveCfg = Debug|Any CPU
		{F13D5BA2-96B9-4EE6-A782-2A878BE547C6}.Debug|Any CPU.Build.0 = Debug|Any CPU
		{F13D5BA2-96B9-4EE6-A782-2A878BE547C6}.Release|Any CPU.ActiveCfg = Release|Any CPU
		{F13D5BA2-96B9-4EE6-A782-2A878BE547C6}.Release|Any CPU.Build.0 = Release|Any CPU
		{BE380044-6A1D-457D-9C11-DD7C1E12FB5C}.Debug|Any CPU.ActiveCfg = Debug|Any CPU
		{BE380044-6A1D-457D-9C11-DD7C1E12FB5C}.Debug|Any CPU.Build.0 = Debug|Any CPU
		{BE380044-6A1D-457D-9C11-DD7C1E12FB5C}.Release|Any CPU.ActiveCfg = Release|Any CPU
		{BE380044-6A1D-457D-9C11-DD7C1E12FB5C}.Release|Any CPU.Build.0 = Release|Any CPU
		{C7DE73EA-1955-429D-957A-28CA667D9782}.Debug|Any CPU.ActiveCfg = Debug|Any CPU
		{C7DE73EA-1955-429D-957A-28CA667D9782}.Debug|Any CPU.Build.0 = Debug|Any CPU
		{C7DE73EA-1955-429D-957A-28CA667D9782}.Release|Any CPU.ActiveCfg = Release|Any CPU
		{C7DE73EA-1955-429D-957A-28CA667D9782}.Release|Any CPU.Build.0 = Release|Any CPU
		{3B3EFCC5-8203-4B5F-B9ED-700C2B21D333}.Debug|Any CPU.ActiveCfg = Debug|Any CPU
		{3B3EFCC5-8203-4B5F-B9ED-700C2B21D333}.Debug|Any CPU.Build.0 = Debug|Any CPU
		{3B3EFCC5-8203-4B5F-B9ED-700C2B21D333}.Release|Any CPU.ActiveCfg = Release|Any CPU
		{3B3EFCC5-8203-4B5F-B9ED-700C2B21D333}.Release|Any CPU.Build.0 = Release|Any CPU
	EndGlobalSection
	GlobalSection(SolutionProperties) = preSolution
		HideSolutionNode = FALSE
	EndGlobalSection
	GlobalSection(ExtensibilityGlobals) = postSolution
		SolutionGuid = {72F030E8-0F9A-4958-8354-226D321B8ACF}
	EndGlobalSection
EndGlobal
