
Microsoft Visual Studio Solution File, Format Version 12.00
# Visual Studio Version 16
VisualStudioVersion = 16.0.29613.14
MinimumVisualStudioVersion = 10.0.40219.1
Project("{9A19103F-16F7-4668-BE54-9A1E7A4F7556}") = "Tustler", "Tustler\Tustler.csproj", "{E0F1490F-6B8F-4769-8E94-E4C886B09E8E}"
EndProject
Project("{FAE04EC0-301F-11D3-BF4B-00C04F79EFBC}") = "TustlerAWSLib", "TustkerAWSLib\TustlerAWSLib.csproj", "{2D212CA2-B36F-488E-81ED-8AFEE5E539A8}"
EndProject
Global
	GlobalSection(SolutionConfigurationPlatforms) = preSolution
		Debug|Any CPU = Debug|Any CPU
		Release|Any CPU = Release|Any CPU
	EndGlobalSection
	GlobalSection(ProjectConfigurationPlatforms) = postSolution
		{E0F1490F-6B8F-4769-8E94-E4C886B09E8E}.Debug|Any CPU.ActiveCfg = Debug|Any CPU
		{E0F1490F-6B8F-4769-8E94-E4C886B09E8E}.Debug|Any CPU.Build.0 = Debug|Any CPU
		{E0F1490F-6B8F-4769-8E94-E4C886B09E8E}.Release|Any CPU.ActiveCfg = Release|Any CPU
		{E0F1490F-6B8F-4769-8E94-E4C886B09E8E}.Release|Any CPU.Build.0 = Release|Any CPU
		{2D212CA2-B36F-488E-81ED-8AFEE5E539A8}.Debug|Any CPU.ActiveCfg = Debug|Any CPU
		{2D212CA2-B36F-488E-81ED-8AFEE5E539A8}.Debug|Any CPU.Build.0 = Debug|Any CPU
		{2D212CA2-B36F-488E-81ED-8AFEE5E539A8}.Release|Any CPU.ActiveCfg = Release|Any CPU
		{2D212CA2-B36F-488E-81ED-8AFEE5E539A8}.Release|Any CPU.Build.0 = Release|Any CPU
	EndGlobalSection
	GlobalSection(SolutionProperties) = preSolution
		HideSolutionNode = FALSE
	EndGlobalSection
	GlobalSection(ExtensibilityGlobals) = postSolution
		SolutionGuid = {72F030E8-0F9A-4958-8354-226D321B8ACF}
	EndGlobalSection
EndGlobal
