
Microsoft Visual Studio Solution File, Format Version 12.00
# Visual Studio Version 16
VisualStudioVersion = 16.0.29613.14
MinimumVisualStudioVersion = 10.0.40219.1
Project("{9A19103F-16F7-4668-BE54-9A1E7A4F7556}") = "Tustler", "Tustler\Tustler.csproj", "{E0F1490F-6B8F-4769-8E94-E4C886B09E8E}"
	ProjectSection(ProjectDependencies) = postProject
		{F13D5BA2-96B9-4EE6-A782-2A878BE547C6} = {F13D5BA2-96B9-4EE6-A782-2A878BE547C6}
	EndProjectSection
EndProject
Project("{9A19103F-16F7-4668-BE54-9A1E7A4F7556}") = "TustlerAWSLib", "TustlerAWSLib\TustlerAWSLib.csproj", "{F13D5BA2-96B9-4EE6-A782-2A878BE547C6}"
EndProject
Project("{2150E333-8FDC-42A3-9474-1A3956D46DE8}") = "Solution Items", "Solution Items", "{F1FB7832-ADF4-4769-918D-1A50C816DE04}"
	ProjectSection(SolutionItems) = preProject
		.editorconfig = .editorconfig
	EndProjectSection
EndProject
Project("{9A19103F-16F7-4668-BE54-9A1E7A4F7556}") = "TustlerWinPlatformLib", "TustlerWinPlatformLib\TustlerWinPlatformLib.csproj", "{BE380044-6A1D-457D-9C11-DD7C1E12FB5C}"
EndProject
Project("{9A19103F-16F7-4668-BE54-9A1E7A4F7556}") = "TustlerServicesLib", "TustlerServicesLib\TustlerServicesLib.csproj", "{C7DE73EA-1955-429D-957A-28CA667D9782}"
EndProject
Project("{9A19103F-16F7-4668-BE54-9A1E7A4F7556}") = "TustlerServicesLib.Test", "TustlerServicesLib.Test\TustlerServicesLib.Test.csproj", "{3B3EFCC5-8203-4B5F-B9ED-700C2B21D333}"
EndProject
Project("{9A19103F-16F7-4668-BE54-9A1E7A4F7556}") = "TustlerInterfaces", "TustlerInterfaces\TustlerInterfaces.csproj", "{974CFD92-2F80-41B9-8041-E048D177A0B8}"
EndProject
Project("{6EC3EE1D-3C4E-46DD-8F32-0CC8E7565705}") = "TustlerFSharpPlatform", "TustlerFSharpPlatform\TustlerFSharpPlatform.fsproj", "{DB2A4791-8B90-48CA-9701-BB09887C721D}"
EndProject
Project("{9A19103F-16F7-4668-BE54-9A1E7A4F7556}") = "TustlerModels", "TustlerModels\TustlerModels.csproj", "{EF05B5B2-D418-41A9-839E-5777A848B3E8}"
EndProject
Project("{F2A71F9B-5D33-465A-A702-920D77279786}") = "CloudWeaver.Agent", "CloudWeaver.Agent\CloudWeaver.Agent.fsproj", "{C2C55EC4-4176-4AC9-88B7-AD6F3115A6E2}"
EndProject
Project("{F2A71F9B-5D33-465A-A702-920D77279786}") = "CloudWeaver.Types", "CloudWeaver.Types\CloudWeaver.Types.fsproj", "{D469D296-9296-414F-8935-FC3CF58FDBE2}"
EndProject
Project("{F2A71F9B-5D33-465A-A702-920D77279786}") = "CloudWeaver.AWS", "CloudWeaver.AWS\CloudWeaver.AWS.fsproj", "{6B362ABB-6724-4407-AF0C-2B69F5E2B942}"
EndProject
Global
	GlobalSection(SolutionConfigurationPlatforms) = preSolution
		Debug|Any CPU = Debug|Any CPU
		Release|Any CPU = Release|Any CPU
	EndGlobalSection
	GlobalSection(ProjectConfigurationPlatforms) = postSolution
		{E0F1490F-6B8F-4769-8E94-E4C886B09E8E}.Debug|Any CPU.ActiveCfg = Debug|Any CPU
		{E0F1490F-6B8F-4769-8E94-E4C886B09E8E}.Debug|Any CPU.Build.0 = Debug|Any CPU
		{E0F1490F-6B8F-4769-8E94-E4C886B09E8E}.Release|Any CPU.ActiveCfg = Release|Any CPU
		{E0F1490F-6B8F-4769-8E94-E4C886B09E8E}.Release|Any CPU.Build.0 = Release|Any CPU
		{F13D5BA2-96B9-4EE6-A782-2A878BE547C6}.Debug|Any CPU.ActiveCfg = Debug|Any CPU
		{F13D5BA2-96B9-4EE6-A782-2A878BE547C6}.Debug|Any CPU.Build.0 = Debug|Any CPU
		{F13D5BA2-96B9-4EE6-A782-2A878BE547C6}.Release|Any CPU.ActiveCfg = Release|Any CPU
		{F13D5BA2-96B9-4EE6-A782-2A878BE547C6}.Release|Any CPU.Build.0 = Release|Any CPU
		{BE380044-6A1D-457D-9C11-DD7C1E12FB5C}.Debug|Any CPU.ActiveCfg = Debug|Any CPU
		{BE380044-6A1D-457D-9C11-DD7C1E12FB5C}.Debug|Any CPU.Build.0 = Debug|Any CPU
		{BE380044-6A1D-457D-9C11-DD7C1E12FB5C}.Release|Any CPU.ActiveCfg = Release|Any CPU
		{BE380044-6A1D-457D-9C11-DD7C1E12FB5C}.Release|Any CPU.Build.0 = Release|Any CPU
		{C7DE73EA-1955-429D-957A-28CA667D9782}.Debug|Any CPU.ActiveCfg = Debug|Any CPU
		{C7DE73EA-1955-429D-957A-28CA667D9782}.Debug|Any CPU.Build.0 = Debug|Any CPU
		{C7DE73EA-1955-429D-957A-28CA667D9782}.Release|Any CPU.ActiveCfg = Release|Any CPU
		{C7DE73EA-1955-429D-957A-28CA667D9782}.Release|Any CPU.Build.0 = Release|Any CPU
		{3B3EFCC5-8203-4B5F-B9ED-700C2B21D333}.Debug|Any CPU.ActiveCfg = Debug|Any CPU
		{3B3EFCC5-8203-4B5F-B9ED-700C2B21D333}.Debug|Any CPU.Build.0 = Debug|Any CPU
		{3B3EFCC5-8203-4B5F-B9ED-700C2B21D333}.Release|Any CPU.ActiveCfg = Release|Any CPU
		{3B3EFCC5-8203-4B5F-B9ED-700C2B21D333}.Release|Any CPU.Build.0 = Release|Any CPU
		{974CFD92-2F80-41B9-8041-E048D177A0B8}.Debug|Any CPU.ActiveCfg = Debug|Any CPU
		{974CFD92-2F80-41B9-8041-E048D177A0B8}.Debug|Any CPU.Build.0 = Debug|Any CPU
		{974CFD92-2F80-41B9-8041-E048D177A0B8}.Release|Any CPU.ActiveCfg = Release|Any CPU
		{974CFD92-2F80-41B9-8041-E048D177A0B8}.Release|Any CPU.Build.0 = Release|Any CPU
		{DB2A4791-8B90-48CA-9701-BB09887C721D}.Debug|Any CPU.ActiveCfg = Debug|Any CPU
		{DB2A4791-8B90-48CA-9701-BB09887C721D}.Debug|Any CPU.Build.0 = Debug|Any CPU
		{DB2A4791-8B90-48CA-9701-BB09887C721D}.Release|Any CPU.ActiveCfg = Release|Any CPU
		{DB2A4791-8B90-48CA-9701-BB09887C721D}.Release|Any CPU.Build.0 = Release|Any CPU
		{EF05B5B2-D418-41A9-839E-5777A848B3E8}.Debug|Any CPU.ActiveCfg = Debug|Any CPU
		{EF05B5B2-D418-41A9-839E-5777A848B3E8}.Debug|Any CPU.Build.0 = Debug|Any CPU
		{EF05B5B2-D418-41A9-839E-5777A848B3E8}.Release|Any CPU.ActiveCfg = Release|Any CPU
		{EF05B5B2-D418-41A9-839E-5777A848B3E8}.Release|Any CPU.Build.0 = Release|Any CPU
		{C2C55EC4-4176-4AC9-88B7-AD6F3115A6E2}.Debug|Any CPU.ActiveCfg = Debug|Any CPU
		{C2C55EC4-4176-4AC9-88B7-AD6F3115A6E2}.Debug|Any CPU.Build.0 = Debug|Any CPU
		{C2C55EC4-4176-4AC9-88B7-AD6F3115A6E2}.Release|Any CPU.ActiveCfg = Release|Any CPU
		{C2C55EC4-4176-4AC9-88B7-AD6F3115A6E2}.Release|Any CPU.Build.0 = Release|Any CPU
		{D469D296-9296-414F-8935-FC3CF58FDBE2}.Debug|Any CPU.ActiveCfg = Debug|Any CPU
		{D469D296-9296-414F-8935-FC3CF58FDBE2}.Debug|Any CPU.Build.0 = Debug|Any CPU
		{D469D296-9296-414F-8935-FC3CF58FDBE2}.Release|Any CPU.ActiveCfg = Release|Any CPU
		{D469D296-9296-414F-8935-FC3CF58FDBE2}.Release|Any CPU.Build.0 = Release|Any CPU
		{6B362ABB-6724-4407-AF0C-2B69F5E2B942}.Debug|Any CPU.ActiveCfg = Debug|Any CPU
		{6B362ABB-6724-4407-AF0C-2B69F5E2B942}.Debug|Any CPU.Build.0 = Debug|Any CPU
		{6B362ABB-6724-4407-AF0C-2B69F5E2B942}.Release|Any CPU.ActiveCfg = Release|Any CPU
		{6B362ABB-6724-4407-AF0C-2B69F5E2B942}.Release|Any CPU.Build.0 = Release|Any CPU
	EndGlobalSection
	GlobalSection(SolutionProperties) = preSolution
		HideSolutionNode = FALSE
	EndGlobalSection
	GlobalSection(ExtensibilityGlobals) = postSolution
		SolutionGuid = {72F030E8-0F9A-4958-8354-226D321B8ACF}
	EndGlobalSection
EndGlobal
